schema: '2.0'
stages:
  data_ingestion:
    cmd: python src/data_ingestion.py
    deps:
    - path: src/data_ingestion.py
      hash: md5
      md5: d5893cde197578bb2c9fbf1f08363c19
      size: 4243
    params:
      params.yaml:
        data_ingestion.test_size: 0.3
    outs:
    - path: data/raw
      hash: md5
      md5: d26befd2dda9438254177d9000d9ba1f.dir
      size: 484846
      nfiles: 2
  data_preprocessing:
    cmd: python src/data_preprocessing.py
    deps:
    - path: data/raw
      hash: md5
      md5: d26befd2dda9438254177d9000d9ba1f.dir
      size: 484846
      nfiles: 2
    - path: src/data_preprocessing.py
      hash: md5
      md5: 43f5f194ef0eaec36b3e1c1bd973e2da
      size: 4604
    outs:
    - path: data/interim
      hash: md5
      md5: 61ca13b2e20854a1f7bacbbcfeca409e.dir
      size: 262513
      nfiles: 2
  feature_engineering:
    cmd: python src/feature_engineering.py
    deps:
    - path: data/interim
      hash: md5
      md5: 61ca13b2e20854a1f7bacbbcfeca409e.dir
      size: 262513
      nfiles: 2
    - path: src/feature_engineering.py
      hash: md5
      md5: d4d574c584c1dcff93eda4eaa0886257
      size: 3935
    params:
      params.yaml:
        feature_engineering.max_features: 5
    outs:
    - path: data/processed
      hash: md5
      md5: a35ef2b35f36b429060cc663194d0f68.dir
      size: 127228
      nfiles: 2
  model_building:
    cmd: python src/model_building.py
    deps:
    - path: data/processed
      hash: md5
      md5: a35ef2b35f36b429060cc663194d0f68.dir
      size: 127228
      nfiles: 2
    - path: src/model_building.py
      hash: md5
      md5: 2941fb66c19bf7875228d8afc7ddfa4f
      size: 4592
    params:
      params.yaml:
        model_building.n_estimators: 25
        model_building.random_state: 2
    outs:
    - path: models/randomForest_model.pkl
      hash: md5
      md5: ffe270643e2c69dba3a7023d7737da74
      size: 998455
  model_evaluation:
    cmd: python src/model_evaluation.py
    deps:
    - path: models/randomForest_model.pkl
      hash: md5
      md5: ffe270643e2c69dba3a7023d7737da74
      size: 998455
    - path: src/model_evaluation.py
      hash: md5
      md5: a921bbff5c3e28f3f592c6da0474fb39
      size: 4796
    outs:
    - path: reports/metrics.json
      hash: md5
      md5: eac6afc8901064a391e7366797af3727
      size: 145
